
Microsoft Visual Studio Solution File, Format Version 12.00
# Visual Studio Version 17
VisualStudioVersion = 17.8.34316.72
MinimumVisualStudioVersion = 10.0.40219.1
Project("{FAE04EC0-301F-11D3-BF4B-00C04F79EFBC}") = "game ni sky", "game ni sky\game ni sky.csproj", "{A9E91362-1761-4C88-B650-2EB29E64B9D2}"
EndProject
Global
	GlobalSection(SolutionConfigurationPlatforms) = preSolution
		Debug|Any CPU = Debug|Any CPU
		Release|Any CPU = Release|Any CPU
	EndGlobalSection
	GlobalSection(ProjectConfigurationPlatforms) = postSolution
		{A9E91362-1761-4C88-B650-2EB29E64B9D2}.Debug|Any CPU.ActiveCfg = Debug|Any CPU
		{A9E91362-1761-4C88-B650-2EB29E64B9D2}.Debug|Any CPU.Build.0 = Debug|Any CPU
		{A9E91362-1761-4C88-B650-2EB29E64B9D2}.Release|Any CPU.ActiveCfg = Release|Any CPU
		{A9E91362-1761-4C88-B650-2EB29E64B9D2}.Release|Any CPU.Build.0 = Release|Any CPU
	EndGlobalSection
	GlobalSection(SolutionProperties) = preSolution
		HideSolutionNode = FALSE
	EndGlobalSection
	GlobalSection(ExtensibilityGlobals) = postSolution
		SolutionGuid = {98EE7CC5-A147-4DBA-B14D-B4FD743C51B7}
	EndGlobalSection
EndGlobal
